
Microsoft Visual Studio Solution File, Format Version 12.00
# Visual Studio 15
VisualStudioVersion = 15.0.27703.2035
MinimumVisualStudioVersion = 10.0.40219.1
Project("{9A19103F-16F7-4668-BE54-9A1E7A4F7556}") = "Arbre.Impl", "Arbre.Impl\Arbre.Impl.csproj", "{1324C456-59E1-4E91-B183-9F4F5FA2CE76}"
EndProject
Project("{9A19103F-16F7-4668-BE54-9A1E7A4F7556}") = "Arbre.Tests", "Arbre.Tests\Arbre.Tests.csproj", "{79D11B9B-9594-49B8-B26E-4A0FF6ECBC7A}"
EndProject
Project("{9A19103F-16F7-4668-BE54-9A1E7A4F7556}") = "Arbre.Model", "Arbre.Model\Arbre.Model.csproj", "{D6095979-157E-4516-8D2D-9157196381F0}"
EndProject
Global
	GlobalSection(SolutionConfigurationPlatforms) = preSolution
		Debug|Any CPU = Debug|Any CPU
		Release|Any CPU = Release|Any CPU
	EndGlobalSection
	GlobalSection(ProjectConfigurationPlatforms) = postSolution
		{1324C456-59E1-4E91-B183-9F4F5FA2CE76}.Debug|Any CPU.ActiveCfg = Debug|Any CPU
		{1324C456-59E1-4E91-B183-9F4F5FA2CE76}.Debug|Any CPU.Build.0 = Debug|Any CPU
		{1324C456-59E1-4E91-B183-9F4F5FA2CE76}.Release|Any CPU.ActiveCfg = Release|Any CPU
		{1324C456-59E1-4E91-B183-9F4F5FA2CE76}.Release|Any CPU.Build.0 = Release|Any CPU
		{79D11B9B-9594-49B8-B26E-4A0FF6ECBC7A}.Debug|Any CPU.ActiveCfg = Debug|Any CPU
		{79D11B9B-9594-49B8-B26E-4A0FF6ECBC7A}.Debug|Any CPU.Build.0 = Debug|Any CPU
		{79D11B9B-9594-49B8-B26E-4A0FF6ECBC7A}.Release|Any CPU.ActiveCfg = Release|Any CPU
		{79D11B9B-9594-49B8-B26E-4A0FF6ECBC7A}.Release|Any CPU.Build.0 = Release|Any CPU
		{D6095979-157E-4516-8D2D-9157196381F0}.Debug|Any CPU.ActiveCfg = Debug|Any CPU
		{D6095979-157E-4516-8D2D-9157196381F0}.Debug|Any CPU.Build.0 = Debug|Any CPU
		{D6095979-157E-4516-8D2D-9157196381F0}.Release|Any CPU.ActiveCfg = Release|Any CPU
		{D6095979-157E-4516-8D2D-9157196381F0}.Release|Any CPU.Build.0 = Release|Any CPU
	EndGlobalSection
	GlobalSection(SolutionProperties) = preSolution
		HideSolutionNode = FALSE
	EndGlobalSection
	GlobalSection(ExtensibilityGlobals) = postSolution
		SolutionGuid = {74EAD0AF-7EE3-4416-A05F-836DB9F75B65}
	EndGlobalSection
EndGlobal
