
Microsoft Visual Studio Solution File, Format Version 12.00
# Visual Studio 15
VisualStudioVersion = 15.0.27703.2035
MinimumVisualStudioVersion = 10.0.40219.1
Project("{9A19103F-16F7-4668-BE54-9A1E7A4F7556}") = "Arbre.Impl.Correction", "Arbre.Impl.Correction\Arbre.Impl.Correction.csproj", "{CB6A4478-A8FF-4F07-ADE3-0BC161400323}"
EndProject
Project("{9A19103F-16F7-4668-BE54-9A1E7A4F7556}") = "Arbre.Impl", "..\Arbre.Impl\Arbre.Impl.csproj", "{2B6C590C-5942-498F-A3C6-9EBF7CE0975C}"
EndProject
Project("{9A19103F-16F7-4668-BE54-9A1E7A4F7556}") = "Arbre.Model", "..\Arbre.Model\Arbre.Model.csproj", "{6795EBC0-6E1A-4DB3-B8A5-A5D40B11F2DA}"
EndProject
Project("{9A19103F-16F7-4668-BE54-9A1E7A4F7556}") = "Arbre.Tests", "..\Arbre.Tests\Arbre.Tests.csproj", "{E269BC59-CBC7-4449-B3F8-BF3AB3A7D48B}"
EndProject
Project("{FAE04EC0-301F-11D3-BF4B-00C04F79EFBC}") = "TestConsole", "TestConsole\TestConsole.csproj", "{20FE7D8E-3D67-40EF-A75B-9D0F4B01ED32}"
EndProject
Global
	GlobalSection(SolutionConfigurationPlatforms) = preSolution
		Debug|Any CPU = Debug|Any CPU
		Release|Any CPU = Release|Any CPU
	EndGlobalSection
	GlobalSection(ProjectConfigurationPlatforms) = postSolution
		{CB6A4478-A8FF-4F07-ADE3-0BC161400323}.Debug|Any CPU.ActiveCfg = Debug|Any CPU
		{CB6A4478-A8FF-4F07-ADE3-0BC161400323}.Debug|Any CPU.Build.0 = Debug|Any CPU
		{CB6A4478-A8FF-4F07-ADE3-0BC161400323}.Release|Any CPU.ActiveCfg = Release|Any CPU
		{CB6A4478-A8FF-4F07-ADE3-0BC161400323}.Release|Any CPU.Build.0 = Release|Any CPU
		{2B6C590C-5942-498F-A3C6-9EBF7CE0975C}.Debug|Any CPU.ActiveCfg = Debug|Any CPU
		{2B6C590C-5942-498F-A3C6-9EBF7CE0975C}.Debug|Any CPU.Build.0 = Debug|Any CPU
		{2B6C590C-5942-498F-A3C6-9EBF7CE0975C}.Release|Any CPU.ActiveCfg = Release|Any CPU
		{2B6C590C-5942-498F-A3C6-9EBF7CE0975C}.Release|Any CPU.Build.0 = Release|Any CPU
		{6795EBC0-6E1A-4DB3-B8A5-A5D40B11F2DA}.Debug|Any CPU.ActiveCfg = Debug|Any CPU
		{6795EBC0-6E1A-4DB3-B8A5-A5D40B11F2DA}.Debug|Any CPU.Build.0 = Debug|Any CPU
		{6795EBC0-6E1A-4DB3-B8A5-A5D40B11F2DA}.Release|Any CPU.ActiveCfg = Release|Any CPU
		{6795EBC0-6E1A-4DB3-B8A5-A5D40B11F2DA}.Release|Any CPU.Build.0 = Release|Any CPU
		{E269BC59-CBC7-4449-B3F8-BF3AB3A7D48B}.Debug|Any CPU.ActiveCfg = Debug|Any CPU
		{E269BC59-CBC7-4449-B3F8-BF3AB3A7D48B}.Debug|Any CPU.Build.0 = Debug|Any CPU
		{E269BC59-CBC7-4449-B3F8-BF3AB3A7D48B}.Release|Any CPU.ActiveCfg = Release|Any CPU
		{E269BC59-CBC7-4449-B3F8-BF3AB3A7D48B}.Release|Any CPU.Build.0 = Release|Any CPU
		{20FE7D8E-3D67-40EF-A75B-9D0F4B01ED32}.Debug|Any CPU.ActiveCfg = Debug|Any CPU
		{20FE7D8E-3D67-40EF-A75B-9D0F4B01ED32}.Debug|Any CPU.Build.0 = Debug|Any CPU
		{20FE7D8E-3D67-40EF-A75B-9D0F4B01ED32}.Release|Any CPU.ActiveCfg = Release|Any CPU
		{20FE7D8E-3D67-40EF-A75B-9D0F4B01ED32}.Release|Any CPU.Build.0 = Release|Any CPU
	EndGlobalSection
	GlobalSection(SolutionProperties) = preSolution
		HideSolutionNode = FALSE
	EndGlobalSection
	GlobalSection(ExtensibilityGlobals) = postSolution
		SolutionGuid = {1DD467C1-600F-49D6-8737-669E4F0CFAE7}
	EndGlobalSection
EndGlobal
